
Microsoft Visual Studio Solution File, Format Version 12.00
# Visual Studio Version 16
VisualStudioVersion = 16.0.30611.23
MinimumVisualStudioVersion = 10.0.40219.1
Project("{8BC9CEB8-8B4A-11D0-8D11-00A0C91BC942}") = "Entropy", "Entropy\Entropy.vcxproj", "{0E445801-0A1F-4480-B6E5-6B237AE5819A}"
	ProjectSection(ProjectDependencies) = postProject
		{AD1E9AC2-51CB-471C-B02A-75F6B0AA5D63} = {AD1E9AC2-51CB-471C-B02A-75F6B0AA5D63}
	EndProjectSection
EndProject
Project("{8BC9CEB8-8B4A-11D0-8D11-00A0C91BC942}") = "D2DX_xFishEngine", "..\D2DX_xFishEngine\D2DX_xFishEngine\D2DX_xFishEngine.vcxproj", "{AD1E9AC2-51CB-471C-B02A-75F6B0AA5D63}"
EndProject
Global
	GlobalSection(SolutionConfigurationPlatforms) = preSolution
		Debug|x64 = Debug|x64
		Debug|x86 = Debug|x86
		Release|x64 = Release|x64
		Release|x86 = Release|x86
	EndGlobalSection
	GlobalSection(ProjectConfigurationPlatforms) = postSolution
		{0E445801-0A1F-4480-B6E5-6B237AE5819A}.Debug|x64.ActiveCfg = Debug|x64
		{0E445801-0A1F-4480-B6E5-6B237AE5819A}.Debug|x64.Build.0 = Debug|x64
		{0E445801-0A1F-4480-B6E5-6B237AE5819A}.Debug|x86.ActiveCfg = Debug|Win32
		{0E445801-0A1F-4480-B6E5-6B237AE5819A}.Debug|x86.Build.0 = Debug|Win32
		{0E445801-0A1F-4480-B6E5-6B237AE5819A}.Release|x64.ActiveCfg = Release|x64
		{0E445801-0A1F-4480-B6E5-6B237AE5819A}.Release|x64.Build.0 = Release|x64
		{0E445801-0A1F-4480-B6E5-6B237AE5819A}.Release|x86.ActiveCfg = Release|Win32
		{0E445801-0A1F-4480-B6E5-6B237AE5819A}.Release|x86.Build.0 = Release|Win32
		{AD1E9AC2-51CB-471C-B02A-75F6B0AA5D63}.Debug|x64.ActiveCfg = Debug|x64
		{AD1E9AC2-51CB-471C-B02A-75F6B0AA5D63}.Debug|x64.Build.0 = Debug|x64
		{AD1E9AC2-51CB-471C-B02A-75F6B0AA5D63}.Debug|x86.ActiveCfg = Debug|Win32
		{AD1E9AC2-51CB-471C-B02A-75F6B0AA5D63}.Debug|x86.Build.0 = Debug|Win32
		{AD1E9AC2-51CB-471C-B02A-75F6B0AA5D63}.Release|x64.ActiveCfg = Release|x64
		{AD1E9AC2-51CB-471C-B02A-75F6B0AA5D63}.Release|x64.Build.0 = Release|x64
		{AD1E9AC2-51CB-471C-B02A-75F6B0AA5D63}.Release|x86.ActiveCfg = Release|Win32
		{AD1E9AC2-51CB-471C-B02A-75F6B0AA5D63}.Release|x86.Build.0 = Release|Win32
	EndGlobalSection
	GlobalSection(SolutionProperties) = preSolution
		HideSolutionNode = FALSE
	EndGlobalSection
	GlobalSection(ExtensibilityGlobals) = postSolution
		SolutionGuid = {359AC37F-1F2A-48E1-95C8-F1230CEA7DCE}
	EndGlobalSection
EndGlobal
